// !$*UTF8*$!
{
    archiveVersion = 1;
    classes = {
    };
    objectVersion = 46;
    objects = {

/* Begin PBXAggregateTarget section */
		D6A1B75ED6A1C9E600000006 /* All */ = {
			isa = PBXAggregateTarget;
			buildConfigurationList = D6A1B75ED6A1C9E600000005 /* Build configuration list for PBXAggregateTarget "All" */;
			buildPhases = (
				
			);
			dependencies = (
				D6A1B75ED6A1C9E600000007 /* PBXTargetDependency libsql */,
			);
			name = All;
			productName = All;
		};
		D6A1B75ED6A1C9E600000009 /* Prep */ = {
			isa = PBXAggregateTarget;
			buildConfigurationList = D6A1B75ED6A1C9E600000008 /* Build configuration list for PBXAggregateTarget "Prep" */;
			buildPhases = (
				D6A1B75ED6A1C9E60000000A,
			);
			dependencies = (
			);
			name = Prep;
			productName = Prep;
		};
/* End PBXAggregateTarget section */

/* Begin PBXBuildFile section */
		D6A1B75ED6A1C9E60000000B /* sqlite.c in Sources */ = {isa = PBXBuildFile; fileRef = D6A1B75ED6A1C9E60000000C /* sqlite.c */; };
		D6A1B75ED6A1C9E60000000D /* sqlite3.c in Sources */ = {isa = PBXBuildFile; fileRef = D6A1B75ED6A1C9E60000000E /* sqlite3.c */; };
/* End PBXBuildFile section */

/* Begin PBXContainerItemProxy section */
		D6A1B75ED6A1C9E60000000F /* PBXContainerItemProxy Prep from libsql */ = {
			isa = PBXContainerItemProxy;
			containerPortal = D6A1B75ED6A1C9E600000001 /* Project object */;
			proxyType = 1;
			remoteGlobalIDString = D6A1B75ED6A1C9E600000009;
			remoteInfo = Prep;
		};
		D6A1B75ED6A1C9E600000010 /* PBXContainerItemProxy Prep from All */ = {
			isa = PBXContainerItemProxy;
			containerPortal = D6A1B75ED6A1C9E600000001 /* Project object */;
			proxyType = 1;
			remoteGlobalIDString = D6A1B75ED6A1C9E600000009;
			remoteInfo = Prep;
		};
		D6A1B75ED6A1C9E600000011 /* PBXContainerItemProxy libsql from All */ = {
			isa = PBXContainerItemProxy;
			containerPortal = D6A1B75ED6A1C9E600000001 /* Project object */;
			proxyType = 1;
			remoteGlobalIDString = D6A1B75ED6A1C9E600000012;
			remoteInfo = libsql;
		};
/* End PBXContainerItemProxy section */

/* Begin PBXFileReference section */
		D6A1B75ED6A1C9E60000000C /* sqlite.c */ = {isa = PBXFileReference; fileEncoding = 4; lastKnownFileType = sourcecode.c.c; name = sqlite.c; path = src/sqlite.c; sourceTree = "<group>"; };
		D6A1B75ED6A1C9E600000013 /* bit.h */ = {isa = PBXFileReference; fileEncoding = 4; lastKnownFileType = sourcecode.c.h; name = bit.h; path = macosx-x64-static/inc/bit.h; sourceTree = "<group>"; };
		D6A1B75ED6A1C9E600000014 /* sqlite3.h */ = {isa = PBXFileReference; fileEncoding = 4; lastKnownFileType = sourcecode.c.h; name = sqlite3.h; path = macosx-x64-static/inc/sqlite3.h; sourceTree = "<group>"; };
		D6A1B75ED6A1C9E60000000E /* sqlite3.c */ = {isa = PBXFileReference; fileEncoding = 4; lastKnownFileType = sourcecode.c.c; name = sqlite3.c; path = src/sqlite3.c; sourceTree = "<group>"; };
		D6A1B75ED6A1C9E600000015 /* libsql */ = {isa = PBXFileReference; explicitFileType = "compiled.mach-o.dylib"; includeInIndex = 0; path = libsql.a; sourceTree = BUILT_PRODUCTS_DIR; };
/* End PBXFileReference section */

/* Begin PBXFrameworksBuildPhase section */
		D6A1B75ED6A1C9E600000016 /* Frameworks and Libraries for libsql */ = {
            isa = PBXFrameworksBuildPhase;
            buildActionMask = 2147483647;
            files = (
				
            );
            runOnlyForDeploymentPostprocessing = 0;
        };
/* End PBXFrameworksBuildPhase section */

/* Begin PBXGroup section */
		D6A1B75ED6A1C9E600000017 /* Top Group */ = {
            isa = PBXGroup;
            children = (
				D6A1B75ED6A1C9E600000018 /* libsql */,
				D6A1B75ED6A1C9E600000019 /* Products */,
			);
            sourceTree = "<group>";
        };
		D6A1B75ED6A1C9E600000018 /* libsql */ = {
            isa = PBXGroup;
            children = (
				D6A1B75ED6A1C9E600000013 /* bit.h */,
				D6A1B75ED6A1C9E600000014 /* sqlite3.h */,
				D6A1B75ED6A1C9E60000000C /* sqlite.c */,
				D6A1B75ED6A1C9E60000000E /* sqlite3.c */,
			);
            name = "libsql";
            path = ..;
            sourceTree = SOURCE_ROOT;
        };
		D6A1B75ED6A1C9E600000019 /* Products */ = {
            isa = PBXGroup;
            children = (
				D6A1B75ED6A1C9E600000015 /* libsql */,
			);
            name = "Products";
            path = ..;
            sourceTree = SOURCE_ROOT;
        };
/* End PBXGroup section */

/* Begin PBXNativeTarget section */
		D6A1B75ED6A1C9E600000012 /* libsql */ = {
			isa = PBXNativeTarget;
			buildConfigurationList = D6A1B75ED6A1C9E60000001B /* Build configuration list for PBXNativeTarget "libsql" */;
			buildPhases = (
				D6A1B75ED6A1C9E60000001A /* Sources */,
				D6A1B75ED6A1C9E600000016 /* Frameworks */,
			);
			buildRules = (
			);
			dependencies = (
				D6A1B75ED6A1C9E60000001C /* Prep */,				
			);
			name = libsql;
			productName = sqlite;
			productReference = D6A1B75ED6A1C9E600000015 /* libsql */;
			productType = "com.apple.product-type.library.dynamic";
		};
/* End PBXNativeTarget section */

/* Begin PBXShellScriptBuildPhase section */
		D6A1B75ED6A1C9E60000000A /* ShellScript for Prep */ = {
			isa = PBXShellScriptBuildPhase;
			buildActionMask = 2147483647;
			files = (
			);
			inputPaths = (

			);
			outputPaths = (

			);
			runOnlyForDeploymentPostprocessing = 0;
			shellPath = /bin/bash;
			shellScript = "PATH=$PATH:/usr/local/bin
[ ! -x ${INC_DIR} ] && mkdir -p ${INC_DIR} ${OBJ_DIR} ${LIB_DIR} ${BIN_DIR}
[ ! -f ${INC_DIR}/bit.h ] && cp sqlite-macosx-static-bit.h ${INC_DIR}/bit.h
[ ! -f ${INC_DIR}/bitos.h ] && cp ${SRC_DIR}/src/bitos.h ${INC_DIR}/bitos.h
if ! diff ${INC_DIR}/bit.h sqlite-macosx-static-bit.h >/dev/null ; then
cp sqlite-macosx-static-bit.h ${INC_DIR}/bit.h
fi
if [ ../src/sqlite3.h -nt ${OUT_DIR}/inc/sqlite3.h ] ; then
cp ../src/sqlite3.h ${OUT_DIR}/inc/sqlite3.h
fi";
		};
/* End PBXShellScriptBuildPhase section */

/* Begin PBXProject section */
		D6A1B75ED6A1C9E600000001 /* Project object */ = {
			isa = PBXProject;
			attributes = {
				LastUpgradeCheck = 0430;
				ORGANIZATIONNAME = "embedthis";
			};
			buildConfigurationList = D6A1B75ED6A1C9E600000002 /* Build configuration list for PBXProject "sqlite" */;
			compatibilityVersion = "Xcode 3.2";
			developmentRegion = English;
			hasScannedForEncodings = 0;
			knownRegions = (
				en,
			);
			mainGroup = D6A1B75ED6A1C9E600000017;
			productRefGroup = D6A1B75ED6A1C9E600000019 /* Products */;
			projectDirPath = "";
			projectRoot = "";
			targets = (
				D6A1B75ED6A1C9E600000006 /* All */,
				D6A1B75ED6A1C9E600000009 /* Prep */,
				D6A1B75ED6A1C9E600000012 /* libsql */,
			);
		};
/* End PBXProject section */

/* Begin PBXSourcesBuildPhase section */
		D6A1B75ED6A1C9E60000001A /* libsql Sources */ = {
			isa = PBXSourcesBuildPhase;
			buildActionMask = 2147483647;
			files = (
				D6A1B75ED6A1C9E60000000B /* sqlite.c in Sources */,
				D6A1B75ED6A1C9E60000000D /* sqlite3.c in Sources */,
			);
			runOnlyForDeploymentPostprocessing = 0;
		};
/* End PBXSourcesBuildPhase section */

/* Begin PBXTargetDependency section */
		D6A1B75ED6A1C9E60000001C /* PBXTargetDependency libsql depends on Prep */ = {
			isa = PBXTargetDependency;
			target = D6A1B75ED6A1C9E600000009 /* Prep */;
			targetProxy = D6A1B75ED6A1C9E60000000F /* PBXContainerItemProxy */;
		};
		D6A1B75ED6A1C9E60000001D /* PBXTargetDependency All depends on Prep */ = {
			isa = PBXTargetDependency;
			target = D6A1B75ED6A1C9E600000009 /* Prep */;
			targetProxy = D6A1B75ED6A1C9E600000010 /* PBXContainerItemProxy */;
		};
		D6A1B75ED6A1C9E600000007 /* PBXTargetDependency All depends on libsql */ = {
			isa = PBXTargetDependency;
			target = D6A1B75ED6A1C9E600000012 /* libsql */;
			targetProxy = D6A1B75ED6A1C9E600000011 /* PBXContainerItemProxy */;
		};
/* End PBXTargetDependency section */

/* Begin XCBuildConfiguration section */
		D6A1B75ED6A1C9E600000003 /* Debug */ = {
			isa = XCBuildConfiguration;
			buildSettings = {

                /* Common Settings */
				ALWAYS_SEARCH_USER_PATHS = NO;
				ARCHS = "$(ARCHS_STANDARD_64_BIT)";
                CURRENT_PROJECT_VERSION = 1.0.1;
                DYLIB_COMPATIBILITY_VERSION = "$(CURRENT_PROJECT_VERSION)";
                DYLIB_CURRENT_VERSION = "$(CURRENT_PROJECT_VERSION)";
				GCC_C_LANGUAGE_STANDARD = gnu99;
				GCC_VERSION = com.apple.compilers.llvm.clang.1_0;
				GCC_WARN_ABOUT_RETURN_TYPE = YES;
                LD_DYLIB_INSTALL_NAME = "@rpath/$(EXECUTABLE_PATH)";
				MACOSX_DEPLOYMENT_TARGET = 10.7;
				SDKROOT = macosx;

                OUT_DIR = "../macosx-x64-static";
                BIN_DIR = "../macosx-x64-static/bin";
                LIB_DIR = "../macosx-x64-static/bin";
                INC_DIR = "../macosx-x64-static/inc";
                OBJ_DIR = "../macosx-x64-static/obj";
                SRC_DIR = "..";

                CONFIGURATION_TEMP_DIR = "$(OBJ_DIR)/tmp/$(CONFIGURATION)";
                CONFIGURATION_BUILD_DIR = "$(BIN_DIR)";
                INSTALL_PATH = "/usr/lib/sqlite";
                DSTROOT = "/tmp/sqlite.dst";
                OBJROOT = "$(OBJ_DIR)";
                SYMROOT = "$(BIN_DIR)";
				GCC_WARN_64_TO_32_BIT_CONVERSION = YES;
				GCC_WARN_64_TO_32_BIT_CONVERSION = YES;
				GCC_WARN_UNUSED_VARIABLE = NO;
				GCC_WARN_UNUSED_FUNCTION = NO;
				GCC_WARN_UNUSED_LABEL = NO;
				GCC_WARN_64_TO_32_BIT_CONVERSION = YES;
				GCC_WARN_64_TO_32_BIT_CONVERSION = YES;
				GCC_WARN_UNUSED_VARIABLE = NO;
				GCC_WARN_UNUSED_FUNCTION = NO;
				GCC_WARN_UNUSED_LABEL = NO;

                /* Debug Settings */
				COPY_PHASE_STRIP = NO;
				GCC_OPTIMIZATION_LEVEL = 0;
				GCC_SYMBOLS_PRIVATE_EXTERN = NO;
				HEADER_SEARCH_PATHS = (
					"../macosx-x64-static/inc",
					"$(inherited)"
				);
				GCC_PREPROCESSOR_DEFINITIONS = (
					"BIT_DEBUG",
					"$(inherited)"
				);
				LIBRARY_SEARCH_PATHS = (
					"../macosx-x64-static/bin",
					"$(inherited)"
				);
				OTHER_LDFLAGS = (
					"-Wl,-rpath,@executable_path/",
					"-Wl,-rpath,@loader_path/",
					"-ldl",
					"-lpthread",
					"-lm",
					"$(inherited)"
				);

			};
			name = Debug;
		};
		D6A1B75ED6A1C9E600000004 /* Release */ = {
			isa = XCBuildConfiguration;
			buildSettings = {

                /* Common Settings */
				ALWAYS_SEARCH_USER_PATHS = NO;
				ARCHS = "$(ARCHS_STANDARD_64_BIT)";
                CURRENT_PROJECT_VERSION = 1.0.1;
                DYLIB_COMPATIBILITY_VERSION = "$(CURRENT_PROJECT_VERSION)";
                DYLIB_CURRENT_VERSION = "$(CURRENT_PROJECT_VERSION)";
				GCC_C_LANGUAGE_STANDARD = gnu99;
				GCC_VERSION = com.apple.compilers.llvm.clang.1_0;
				GCC_WARN_ABOUT_RETURN_TYPE = YES;
                LD_DYLIB_INSTALL_NAME = "@rpath/$(EXECUTABLE_PATH)";
				MACOSX_DEPLOYMENT_TARGET = 10.7;
				SDKROOT = macosx;

                OUT_DIR = "../macosx-x64-static";
                BIN_DIR = "../macosx-x64-static/bin";
                LIB_DIR = "../macosx-x64-static/bin";
                INC_DIR = "../macosx-x64-static/inc";
                OBJ_DIR = "../macosx-x64-static/obj";
                SRC_DIR = "..";

                CONFIGURATION_TEMP_DIR = "$(OBJ_DIR)/tmp/$(CONFIGURATION)";
                CONFIGURATION_BUILD_DIR = "$(BIN_DIR)";
                INSTALL_PATH = "/usr/lib/sqlite";
                DSTROOT = "/tmp/sqlite.dst";
                OBJROOT = "$(OBJ_DIR)";
                SYMROOT = "$(BIN_DIR)";
				GCC_WARN_64_TO_32_BIT_CONVERSION = YES;
				GCC_WARN_64_TO_32_BIT_CONVERSION = YES;
				GCC_WARN_UNUSED_VARIABLE = NO;
				GCC_WARN_UNUSED_FUNCTION = NO;
				GCC_WARN_UNUSED_LABEL = NO;
				GCC_WARN_64_TO_32_BIT_CONVERSION = YES;
				GCC_WARN_64_TO_32_BIT_CONVERSION = YES;
				GCC_WARN_UNUSED_VARIABLE = NO;
				GCC_WARN_UNUSED_FUNCTION = NO;
				GCC_WARN_UNUSED_LABEL = NO;

                /* Release Settings */
				COPY_PHASE_STRIP = YES;
				DEBUG_INFORMATION_FORMAT = "dwarf-with-dsym";
				GCC_OPTIMIZATION_LEVEL = s;
                GCC_WARN_UNINITIALIZED_AUTOS = NO;
				HEADER_SEARCH_PATHS = (
					"../macosx-x64-static/inc",
					"$(inherited)"
				);

				LIBRARY_SEARCH_PATHS = (
					"../macosx-x64-static/bin",
					"$(inherited)"
				);
				OTHER_LDFLAGS = (
					"-Wl,-rpath,@executable_path/",
					"-Wl,-rpath,@loader_path/",
					"-ldl",
					"-lpthread",
					"-lm",
					"$(inherited)"
				);

			};
			name = Release;
		};
		D6A1B75ED6A1C9E60000001E /* Debug */ = {
			isa = XCBuildConfiguration;
			buildSettings = {
				PRODUCT_NAME = libsql;
				EXECUTABLE_EXTENSION = a;

				GCC_PREPROCESSOR_DEFINITIONS = (
					"BIT_DEBUG",
					"$(inherited)"
				);
				OTHER_LDFLAGS = ();

				MACH_O_TYPE = staticlib;

			};
			name = Debug;
		};
		D6A1B75ED6A1C9E60000001F /* Release */ = {
			isa = XCBuildConfiguration;
			buildSettings = {
				PRODUCT_NAME = libsql;
				EXECUTABLE_EXTENSION = a;

				OTHER_LDFLAGS = ();

				MACH_O_TYPE = staticlib;

			};
			name = Release;
		};
		D6A1B75ED6A1C9E600000020 /* Debug */ = {
			isa = XCBuildConfiguration;
			buildSettings = {
				PRODUCT_NAME = All;

				GCC_PREPROCESSOR_DEFINITIONS = (
					"BIT_DEBUG",
					"$(inherited)"
				);
			};
			name = Debug;
		};
		D6A1B75ED6A1C9E600000021 /* Release */ = {
			isa = XCBuildConfiguration;
			buildSettings = {
				PRODUCT_NAME = All;


			};
			name = Release;
		};
		D6A1B75ED6A1C9E600000022 /* Debug */ = {
			isa = XCBuildConfiguration;
			buildSettings = {
				PRODUCT_NAME = Prep;

				GCC_PREPROCESSOR_DEFINITIONS = (
					"BIT_DEBUG",
					"$(inherited)"
				);
			};
			name = Debug;
		};
		D6A1B75ED6A1C9E600000023 /* Release */ = {
			isa = XCBuildConfiguration;
			buildSettings = {
				PRODUCT_NAME = Prep;


			};
			name = Release;
		};
/* End XCBuildConfiguration section */

/* Begin XCConfigurationList section */
		D6A1B75ED6A1C9E600000002 /* Build configuration list for PBXProject "sqlite" */ = {
			isa = XCConfigurationList;
			buildConfigurations = (
				D6A1B75ED6A1C9E600000003 /* Debug */,
				D6A1B75ED6A1C9E600000004 /* Release */,
			);
			defaultConfigurationIsVisible = 0;
			defaultConfigurationName = Release;
		};
		D6A1B75ED6A1C9E60000001B /* Build configuration list for PBXNativeTarget "libsql" */ = {
			isa = XCConfigurationList;
			buildConfigurations = (
				D6A1B75ED6A1C9E60000001E /* Debug */,
				D6A1B75ED6A1C9E60000001F /* Release */,
			);
			defaultConfigurationIsVisible = 0;
			defaultConfigurationName = Release;
		};
		D6A1B75ED6A1C9E600000005 /* Build configuration list for PBXNativeTarget "All" */ = {
			isa = XCConfigurationList;
			buildConfigurations = (
				D6A1B75ED6A1C9E600000020 /* Debug */,
				D6A1B75ED6A1C9E600000021 /* Release */,
			);
			defaultConfigurationIsVisible = 0;
			defaultConfigurationName = Release;
		};
		D6A1B75ED6A1C9E600000008 /* Build configuration list for PBXNativeTarget "Prep" */ = {
			isa = XCConfigurationList;
			buildConfigurations = (
				D6A1B75ED6A1C9E600000022 /* Debug */,
				D6A1B75ED6A1C9E600000023 /* Release */,
			);
			defaultConfigurationIsVisible = 0;
			defaultConfigurationName = Release;
		};
/* End XCConfigurationList section */
	};
	rootObject = D6A1B75ED6A1C9E600000001 /* Project object */;
}
