// !$*UTF8*$!
{
    archiveVersion = 1;
    classes = {
    };
    objectVersion = 46;
    objects = {

/* Begin PBXAggregateTarget section */
		FE5B4646FE5B576C00000006 /* All */ = {
			isa = PBXAggregateTarget;
			buildConfigurationList = FE5B4646FE5B576C00000005 /* Build configuration list for PBXAggregateTarget "All" */;
			buildPhases = (
				
			);
			dependencies = (
				FE5B4646FE5B576C00000007 /* PBXTargetDependency libsqlite3 */,
			);
			name = All;
			productName = All;
		};
		FE5B4646FE5B576C00000009 /* Prep */ = {
			isa = PBXAggregateTarget;
			buildConfigurationList = FE5B4646FE5B576C00000008 /* Build configuration list for PBXAggregateTarget "Prep" */;
			buildPhases = (
				FE5B4646FE5B576C0000000A,
			);
			dependencies = (
			);
			name = Prep;
			productName = Prep;
		};
/* End PBXAggregateTarget section */

/* Begin PBXBuildFile section */
		FE5B4646FE5B576C0000000B /* sqlite.c in Sources */ = {isa = PBXBuildFile; fileRef = FE5B4646FE5B576C0000000C /* sqlite.c */; };
		FE5B4646FE5B576C0000000D /* sqlite3.c in Sources */ = {isa = PBXBuildFile; fileRef = FE5B4646FE5B576C0000000E /* sqlite3.c */; };
/* End PBXBuildFile section */

/* Begin PBXContainerItemProxy section */
		FE5B4646FE5B576C0000000F /* PBXContainerItemProxy Prep from libsqlite3 */ = {
			isa = PBXContainerItemProxy;
			containerPortal = FE5B4646FE5B576C00000001 /* Project object */;
			proxyType = 1;
			remoteGlobalIDString = FE5B4646FE5B576C00000009;
			remoteInfo = Prep;
		};
		FE5B4646FE5B576C00000010 /* PBXContainerItemProxy libsqlite3 from All */ = {
			isa = PBXContainerItemProxy;
			containerPortal = FE5B4646FE5B576C00000001 /* Project object */;
			proxyType = 1;
			remoteGlobalIDString = FE5B4646FE5B576C00000011;
			remoteInfo = libsqlite3;
		};
/* End PBXContainerItemProxy section */

/* Begin PBXFileReference section */
		FE5B4646FE5B576C0000000C /* sqlite.c */ = {isa = PBXFileReference; fileEncoding = 4; lastKnownFileType = sourcecode.c.c; name = sqlite.c; path = src/sqlite.c; sourceTree = "<group>"; };
		FE5B4646FE5B576C00000012 /* bit.h */ = {isa = PBXFileReference; fileEncoding = 4; lastKnownFileType = sourcecode.c.h; name = bit.h; path = macosx-x64-default/inc/bit.h; sourceTree = "<group>"; };
		FE5B4646FE5B576C00000013 /* sqlite3.h */ = {isa = PBXFileReference; fileEncoding = 4; lastKnownFileType = sourcecode.c.h; name = sqlite3.h; path = macosx-x64-default/inc/sqlite3.h; sourceTree = "<group>"; };
		FE5B4646FE5B576C0000000E /* sqlite3.c */ = {isa = PBXFileReference; fileEncoding = 4; lastKnownFileType = sourcecode.c.c; name = sqlite3.c; path = src/sqlite3.c; sourceTree = "<group>"; };
		FE5B4646FE5B576C00000014 /* libsqlite3 */ = {isa = PBXFileReference; explicitFileType = "compiled.mach-o.dylib"; includeInIndex = 0; path = libsqlite3.dylib; sourceTree = BUILT_PRODUCTS_DIR; };
/* End PBXFileReference section */

/* Begin PBXFrameworksBuildPhase section */
		FE5B4646FE5B576C00000015 /* Frameworks and Libraries for libsqlite3 */ = {
            isa = PBXFrameworksBuildPhase;
            buildActionMask = 2147483647;
            files = (
				
            );
            runOnlyForDeploymentPostprocessing = 0;
        };
/* End PBXFrameworksBuildPhase section */

/* Begin PBXGroup section */
		FE5B4646FE5B576C00000016 /* Top Group */ = {
            isa = PBXGroup;
            children = (
				FE5B4646FE5B576C00000017 /* libsqlite3 */,
				FE5B4646FE5B576C00000018 /* Products */,
			);
            sourceTree = "<group>";
        };
		FE5B4646FE5B576C00000017 /* libsqlite3 */ = {
            isa = PBXGroup;
            children = (
				FE5B4646FE5B576C00000012 /* bit.h */,
				FE5B4646FE5B576C00000013 /* sqlite3.h */,
				FE5B4646FE5B576C0000000C /* sqlite.c */,
				FE5B4646FE5B576C0000000E /* sqlite3.c */,
			);
            name = "libsqlite3";
            path = ..;
            sourceTree = SOURCE_ROOT;
        };
		FE5B4646FE5B576C00000018 /* Products */ = {
            isa = PBXGroup;
            children = (
				FE5B4646FE5B576C00000014 /* libsqlite3 */,
			);
            name = "Products";
            path = ..;
            sourceTree = SOURCE_ROOT;
        };
/* End PBXGroup section */

/* Begin PBXNativeTarget section */
		FE5B4646FE5B576C00000011 /* libsqlite3 */ = {
			isa = PBXNativeTarget;
			buildConfigurationList = FE5B4646FE5B576C0000001A /* Build configuration list for PBXNativeTarget "libsqlite3" */;
			buildPhases = (
				FE5B4646FE5B576C00000019 /* Sources */,
				FE5B4646FE5B576C00000015 /* Frameworks */,
			);
			buildRules = (
			);
			dependencies = (
				FE5B4646FE5B576C0000001B /* Prep */,				
			);
			name = libsqlite3;
			productName = sqlite;
			productReference = FE5B4646FE5B576C00000014 /* libsqlite3 */;
			productType = "com.apple.product-type.library.dynamic";
		};
/* End PBXNativeTarget section */

/* Begin PBXShellScriptBuildPhase section */
		FE5B4646FE5B576C0000000A /* ShellScript for Prep */ = {
			isa = PBXShellScriptBuildPhase;
			buildActionMask = 2147483647;
			files = (
			);
			inputPaths = (

			);
			outputPaths = (

			);
			runOnlyForDeploymentPostprocessing = 0;
			shellPath = /bin/bash;
			shellScript = "PATH=$PATH:/usr/local/bin
[ ! -x ${INC_DIR} ] && mkdir -p ${INC_DIR} ${OBJ_DIR} ${LIB_DIR} ${BIN_DIR}
[ ! -f ${INC_DIR}/bit.h ] && cp sqlite-macosx-default-bit.h ${INC_DIR}/bit.h
[ ! -f ${INC_DIR}/bitos.h ] && cp ${SRC_DIR}/src/bitos.h ${INC_DIR}/bitos.h
if ! diff ${INC_DIR}/bit.h sqlite-macosx-default-bit.h >/dev/null ; then
cp sqlite-macosx-default-bit.h ${INC_DIR}/bit.h
fi
if [ ../src/sqlite3.h -nt ${OUT_DIR}/inc/sqlite3.h ] ; then
cp ../src/sqlite3.h ${OUT_DIR}/inc/sqlite3.h
fi";
		};
/* End PBXShellScriptBuildPhase section */

/* Begin PBXProject section */
		FE5B4646FE5B576C00000001 /* Project object */ = {
			isa = PBXProject;
			attributes = {
				LastUpgradeCheck = 0430;
				ORGANIZATIONNAME = "Embedthis";
			};
			buildConfigurationList = FE5B4646FE5B576C00000002 /* Build configuration list for PBXProject "sqlite" */;
			compatibilityVersion = "Xcode 3.2";
			developmentRegion = English;
			hasScannedForEncodings = 0;
			knownRegions = (
				en,
			);
			mainGroup = FE5B4646FE5B576C00000016;
			productRefGroup = FE5B4646FE5B576C00000018 /* Products */;
			projectDirPath = "";
			projectRoot = "";
			targets = (
				FE5B4646FE5B576C00000006 /* All */,
				FE5B4646FE5B576C00000009 /* Prep */,
				FE5B4646FE5B576C00000011 /* libsqlite3 */,
			);
		};
/* End PBXProject section */

/* Begin PBXSourcesBuildPhase section */
		FE5B4646FE5B576C00000019 /* libsqlite3 Sources */ = {
			isa = PBXSourcesBuildPhase;
			buildActionMask = 2147483647;
			files = (
				FE5B4646FE5B576C0000000B /* sqlite.c in Sources */,
				FE5B4646FE5B576C0000000D /* sqlite3.c in Sources */,
			);
			runOnlyForDeploymentPostprocessing = 0;
		};
/* End PBXSourcesBuildPhase section */

/* Begin PBXTargetDependency section */
		FE5B4646FE5B576C0000001B /* PBXTargetDependency libsqlite3 depends on Prep */ = {
			isa = PBXTargetDependency;
			target = FE5B4646FE5B576C00000009 /* Prep */;
			targetProxy = FE5B4646FE5B576C0000000F /* PBXContainerItemProxy */;
		};
		FE5B4646FE5B576C00000007 /* PBXTargetDependency All depends on libsqlite3 */ = {
			isa = PBXTargetDependency;
			target = FE5B4646FE5B576C00000011 /* libsqlite3 */;
			targetProxy = FE5B4646FE5B576C00000010 /* PBXContainerItemProxy */;
		};
/* End PBXTargetDependency section */

/* Begin XCBuildConfiguration section */
		FE5B4646FE5B576C00000003 /* Debug */ = {
			isa = XCBuildConfiguration;
			buildSettings = {

                /* Common Settings */
				ALWAYS_SEARCH_USER_PATHS = NO;
				ARCHS = "$(ARCHS_STANDARD_64_BIT)";
                CURRENT_PROJECT_VERSION = 1.0.0;
                DYLIB_COMPATIBILITY_VERSION = "$(CURRENT_PROJECT_VERSION)";
                DYLIB_CURRENT_VERSION = "$(CURRENT_PROJECT_VERSION)";
				GCC_C_LANGUAGE_STANDARD = gnu99;
				GCC_VERSION = com.apple.compilers.llvm.clang.1_0;
				GCC_WARN_ABOUT_RETURN_TYPE = YES;
                LD_DYLIB_INSTALL_NAME = "@rpath/$(EXECUTABLE_PATH)";
				MACOSX_DEPLOYMENT_TARGET = 10.7;
				SDKROOT = macosx;

                OUT_DIR = "../macosx-x64-default";
                BIN_DIR = "../macosx-x64-default/bin";
                LIB_DIR = "../macosx-x64-default/bin";
                INC_DIR = "../macosx-x64-default/inc";
                OBJ_DIR = "../macosx-x64-default/obj";
                SRC_DIR = "..";

                CONFIGURATION_TEMP_DIR = "$(OBJ_DIR)/tmp/$(CONFIGURATION)";
                CONFIGURATION_BUILD_DIR = "$(BIN_DIR)";
                INSTALL_PATH = "/usr/lib/sqlite";
                DSTROOT = "/tmp/sqlite.dst";
                OBJROOT = "$(OBJ_DIR)";
                SYMROOT = "$(BIN_DIR)";
				GCC_WARN_64_TO_32_BIT_CONVERSION = YES;
				GCC_WARN_64_TO_32_BIT_CONVERSION = YES;
				GCC_WARN_UNUSED_VARIABLE = NO;
				GCC_WARN_UNUSED_FUNCTION = NO;
				GCC_WARN_UNUSED_LABEL = NO;
				GCC_WARN_64_TO_32_BIT_CONVERSION = YES;
				GCC_WARN_64_TO_32_BIT_CONVERSION = YES;
				GCC_WARN_UNUSED_VARIABLE = NO;
				GCC_WARN_UNUSED_FUNCTION = NO;
				GCC_WARN_UNUSED_LABEL = NO;

                /* Debug Settings */
				COPY_PHASE_STRIP = NO;
				GCC_OPTIMIZATION_LEVEL = 0;
				GCC_SYMBOLS_PRIVATE_EXTERN = NO;
				HEADER_SEARCH_PATHS = (
					"../macosx-x64-default/inc",
					"$(inherited)"
				);
				GCC_PREPROCESSOR_DEFINITIONS = (
					"BIT_FEATURE_SQLITE=1",
					"BIT_DEBUG",
					"BIT_DEBUG",
					"$(inherited)"
				);
				LIBRARY_SEARCH_PATHS = (
					"../macosx-x64-default/bin",
					"$(inherited)"
				);
				OTHER_LDFLAGS = (
					"-Wl,-rpath,@executable_path/",
					"-Wl,-rpath,@loader_path/",
					"-lpthread",
					"-lm",
					"-ldl",
					"$(inherited)"
				);

			};
			name = Debug;
		};
		FE5B4646FE5B576C00000004 /* Release */ = {
			isa = XCBuildConfiguration;
			buildSettings = {

                /* Common Settings */
				ALWAYS_SEARCH_USER_PATHS = NO;
				ARCHS = "$(ARCHS_STANDARD_64_BIT)";
                CURRENT_PROJECT_VERSION = 1.0.0;
                DYLIB_COMPATIBILITY_VERSION = "$(CURRENT_PROJECT_VERSION)";
                DYLIB_CURRENT_VERSION = "$(CURRENT_PROJECT_VERSION)";
				GCC_C_LANGUAGE_STANDARD = gnu99;
				GCC_VERSION = com.apple.compilers.llvm.clang.1_0;
				GCC_WARN_ABOUT_RETURN_TYPE = YES;
                LD_DYLIB_INSTALL_NAME = "@rpath/$(EXECUTABLE_PATH)";
				MACOSX_DEPLOYMENT_TARGET = 10.7;
				SDKROOT = macosx;

                OUT_DIR = "../macosx-x64-default";
                BIN_DIR = "../macosx-x64-default/bin";
                LIB_DIR = "../macosx-x64-default/bin";
                INC_DIR = "../macosx-x64-default/inc";
                OBJ_DIR = "../macosx-x64-default/obj";
                SRC_DIR = "..";

                CONFIGURATION_TEMP_DIR = "$(OBJ_DIR)/tmp/$(CONFIGURATION)";
                CONFIGURATION_BUILD_DIR = "$(BIN_DIR)";
                INSTALL_PATH = "/usr/lib/sqlite";
                DSTROOT = "/tmp/sqlite.dst";
                OBJROOT = "$(OBJ_DIR)";
                SYMROOT = "$(BIN_DIR)";
				GCC_WARN_64_TO_32_BIT_CONVERSION = YES;
				GCC_WARN_64_TO_32_BIT_CONVERSION = YES;
				GCC_WARN_UNUSED_VARIABLE = NO;
				GCC_WARN_UNUSED_FUNCTION = NO;
				GCC_WARN_UNUSED_LABEL = NO;
				GCC_WARN_64_TO_32_BIT_CONVERSION = YES;
				GCC_WARN_64_TO_32_BIT_CONVERSION = YES;
				GCC_WARN_UNUSED_VARIABLE = NO;
				GCC_WARN_UNUSED_FUNCTION = NO;
				GCC_WARN_UNUSED_LABEL = NO;

                /* Release Settings */
				COPY_PHASE_STRIP = YES;
				DEBUG_INFORMATION_FORMAT = "dwarf-with-dsym";
				GCC_OPTIMIZATION_LEVEL = s;
                GCC_WARN_UNINITIALIZED_AUTOS = NO;
				HEADER_SEARCH_PATHS = (
					"../macosx-x64-default/inc",
					"$(inherited)"
				);
				GCC_PREPROCESSOR_DEFINITIONS = (
					"BIT_FEATURE_SQLITE=1",
					"BIT_DEBUG",
					"$(inherited)"
				);
				LIBRARY_SEARCH_PATHS = (
					"../macosx-x64-default/bin",
					"$(inherited)"
				);
				OTHER_LDFLAGS = (
					"-Wl,-rpath,@executable_path/",
					"-Wl,-rpath,@loader_path/",
					"-lpthread",
					"-lm",
					"-ldl",
					"$(inherited)"
				);

			};
			name = Release;
		};
		FE5B4646FE5B576C0000001C /* Debug */ = {
			isa = XCBuildConfiguration;
			buildSettings = {
				PRODUCT_NAME = libsqlite3;

				GCC_PREPROCESSOR_DEFINITIONS = (
					"BIT_DEBUG",
					"$(inherited)"
				);
			};
			name = Debug;
		};
		FE5B4646FE5B576C0000001D /* Release */ = {
			isa = XCBuildConfiguration;
			buildSettings = {
				PRODUCT_NAME = libsqlite3;


			};
			name = Release;
		};
		FE5B4646FE5B576C0000001E /* Debug */ = {
			isa = XCBuildConfiguration;
			buildSettings = {
				PRODUCT_NAME = All;

				GCC_PREPROCESSOR_DEFINITIONS = (
					"BIT_DEBUG",
					"$(inherited)"
				);
			};
			name = Debug;
		};
		FE5B4646FE5B576C0000001F /* Release */ = {
			isa = XCBuildConfiguration;
			buildSettings = {
				PRODUCT_NAME = All;


			};
			name = Release;
		};
		FE5B4646FE5B576C00000020 /* Debug */ = {
			isa = XCBuildConfiguration;
			buildSettings = {
				PRODUCT_NAME = Prep;

				GCC_PREPROCESSOR_DEFINITIONS = (
					"BIT_DEBUG",
					"$(inherited)"
				);
			};
			name = Debug;
		};
		FE5B4646FE5B576C00000021 /* Release */ = {
			isa = XCBuildConfiguration;
			buildSettings = {
				PRODUCT_NAME = Prep;


			};
			name = Release;
		};
/* End XCBuildConfiguration section */

/* Begin XCConfigurationList section */
		FE5B4646FE5B576C00000002 /* Build configuration list for PBXProject "sqlite" */ = {
			isa = XCConfigurationList;
			buildConfigurations = (
				FE5B4646FE5B576C00000003 /* Debug */,
				FE5B4646FE5B576C00000004 /* Release */,
			);
			defaultConfigurationIsVisible = 0;
			defaultConfigurationName = Release;
		};
		FE5B4646FE5B576C0000001A /* Build configuration list for PBXNativeTarget "libsqlite3" */ = {
			isa = XCConfigurationList;
			buildConfigurations = (
				FE5B4646FE5B576C0000001C /* Debug */,
				FE5B4646FE5B576C0000001D /* Release */,
			);
			defaultConfigurationIsVisible = 0;
			defaultConfigurationName = Release;
		};
		FE5B4646FE5B576C00000005 /* Build configuration list for PBXNativeTarget "All" */ = {
			isa = XCConfigurationList;
			buildConfigurations = (
				FE5B4646FE5B576C0000001E /* Debug */,
				FE5B4646FE5B576C0000001F /* Release */,
			);
			defaultConfigurationIsVisible = 0;
			defaultConfigurationName = Release;
		};
		FE5B4646FE5B576C00000008 /* Build configuration list for PBXNativeTarget "Prep" */ = {
			isa = XCConfigurationList;
			buildConfigurations = (
				FE5B4646FE5B576C00000020 /* Debug */,
				FE5B4646FE5B576C00000021 /* Release */,
			);
			defaultConfigurationIsVisible = 0;
			defaultConfigurationName = Release;
		};
/* End XCConfigurationList section */
	};
	rootObject = FE5B4646FE5B576C00000001 /* Project object */;
}
