// !$*UTF8*$!
{
    archiveVersion = 1;
    classes = {
    };
    objectVersion = 46;
    objects = {

/* Begin PBXAggregateTarget section */
		B55AF456B55B05C000000006 /* All */ = {
			isa = PBXAggregateTarget;
			buildConfigurationList = B55AF456B55B05C000000005 /* Build configuration list for PBXAggregateTarget "All" */;
			buildPhases = (
				
			);
			dependencies = (
				B55AF456B55B05C000000007 /* PBXTargetDependency libsql */,
			);
			name = All;
			productName = All;
		};
		B55AF456B55B05C000000009 /* Prep */ = {
			isa = PBXAggregateTarget;
			buildConfigurationList = B55AF456B55B05C000000008 /* Build configuration list for PBXAggregateTarget "Prep" */;
			buildPhases = (
				B55AF456B55B05C00000000A,
			);
			dependencies = (
			);
			name = Prep;
			productName = Prep;
		};
/* End PBXAggregateTarget section */

/* Begin PBXBuildFile section */
		B55AF456B55B05C00000000B /* sqlite.c in Sources */ = {isa = PBXBuildFile; fileRef = B55AF456B55B05C00000000C /* sqlite.c */; };
		B55AF456B55B05C00000000D /* sqlite3.c in Sources */ = {isa = PBXBuildFile; fileRef = B55AF456B55B05C00000000E /* sqlite3.c */; };
/* End PBXBuildFile section */

/* Begin PBXContainerItemProxy section */
		B55AF456B55B05C00000000F /* PBXContainerItemProxy Prep from libsql */ = {
			isa = PBXContainerItemProxy;
			containerPortal = B55AF456B55B05C000000001 /* Project object */;
			proxyType = 1;
			remoteGlobalIDString = B55AF456B55B05C000000009;
			remoteInfo = Prep;
		};
		B55AF456B55B05C000000010 /* PBXContainerItemProxy Prep from All */ = {
			isa = PBXContainerItemProxy;
			containerPortal = B55AF456B55B05C000000001 /* Project object */;
			proxyType = 1;
			remoteGlobalIDString = B55AF456B55B05C000000009;
			remoteInfo = Prep;
		};
		B55AF456B55B05C000000011 /* PBXContainerItemProxy libsql from All */ = {
			isa = PBXContainerItemProxy;
			containerPortal = B55AF456B55B05C000000001 /* Project object */;
			proxyType = 1;
			remoteGlobalIDString = B55AF456B55B05C000000012;
			remoteInfo = libsql;
		};
/* End PBXContainerItemProxy section */

/* Begin PBXFileReference section */
		B55AF456B55B05C00000000C /* sqlite.c */ = {isa = PBXFileReference; fileEncoding = 4; lastKnownFileType = sourcecode.c.c; name = sqlite.c; path = src/sqlite.c; sourceTree = "<group>"; };
		B55AF456B55B05C000000013 /* me.h */ = {isa = PBXFileReference; fileEncoding = 4; lastKnownFileType = sourcecode.c.h; name = me.h; path = macosx-x64-default/inc/me.h; sourceTree = "<group>"; };
		B55AF456B55B05C000000014 /* sqlite3.h */ = {isa = PBXFileReference; fileEncoding = 4; lastKnownFileType = sourcecode.c.h; name = sqlite3.h; path = macosx-x64-default/inc/sqlite3.h; sourceTree = "<group>"; };
		B55AF456B55B05C00000000E /* sqlite3.c */ = {isa = PBXFileReference; fileEncoding = 4; lastKnownFileType = sourcecode.c.c; name = sqlite3.c; path = src/sqlite3.c; sourceTree = "<group>"; };
		B55AF456B55B05C000000015 /* libsql */ = {isa = PBXFileReference; explicitFileType = "compiled.mach-o.dylib"; includeInIndex = 0; path = libsql.dylib; sourceTree = BUILT_PRODUCTS_DIR; };
/* End PBXFileReference section */

/* Begin PBXFrameworksBuildPhase section */
		B55AF456B55B05C000000016 /* Frameworks and Libraries for libsql */ = {
            isa = PBXFrameworksBuildPhase;
            buildActionMask = 2147483647;
            files = (
				
            );
            runOnlyForDeploymentPostprocessing = 0;
        };
/* End PBXFrameworksBuildPhase section */

/* Begin PBXGroup section */
		B55AF456B55B05C000000017 /* Top Group */ = {
            isa = PBXGroup;
            children = (
				B55AF456B55B05C000000018 /* libsql */,
				B55AF456B55B05C000000019 /* Products */,
			);
            sourceTree = "<group>";
        };
		B55AF456B55B05C000000018 /* libsql */ = {
            isa = PBXGroup;
            children = (
				B55AF456B55B05C000000013 /* me.h */,
				B55AF456B55B05C000000014 /* sqlite3.h */,
				B55AF456B55B05C00000000C /* sqlite.c */,
				B55AF456B55B05C00000000E /* sqlite3.c */,
			);
            name = "libsql";
            path = ..;
            sourceTree = SOURCE_ROOT;
        };
		B55AF456B55B05C000000019 /* Products */ = {
            isa = PBXGroup;
            children = (
				B55AF456B55B05C000000015 /* libsql */,
			);
            name = "Products";
            path = ..;
            sourceTree = SOURCE_ROOT;
        };
/* End PBXGroup section */

/* Begin PBXNativeTarget section */
		B55AF456B55B05C000000012 /* libsql */ = {
			isa = PBXNativeTarget;
			buildConfigurationList = B55AF456B55B05C00000001B /* Build configuration list for PBXNativeTarget "libsql" */;
			buildPhases = (
				B55AF456B55B05C00000001A /* Sources */,
				B55AF456B55B05C000000016 /* Frameworks */,
			);
			buildRules = (
			);
			dependencies = (
				B55AF456B55B05C00000001C /* Prep */,				
			);
			name = libsql;
			productName = sqlite;
			productReference = B55AF456B55B05C000000015 /* libsql */;
			productType = "com.apple.product-type.library.dynamic";
		};
/* End PBXNativeTarget section */

/* Begin PBXShellScriptBuildPhase section */
		B55AF456B55B05C00000000A /* ShellScript for Prep */ = {
			isa = PBXShellScriptBuildPhase;
			buildActionMask = 2147483647;
			files = (
			);
			inputPaths = (

			);
			outputPaths = (

			);
			runOnlyForDeploymentPostprocessing = 0;
			shellPath = /bin/bash;
			shellScript = "PATH=$PATH:/usr/local/bin
[ ! -x ${INC_DIR} ] && mkdir -p ${INC_DIR} ${OBJ_DIR} ${LIB_DIR} ${BIN_DIR}
[ ! -f ${INC_DIR}/me.h ] && cp sqlite-macosx-default-me.h ${INC_DIR}/me.h
[ ! -f ${INC_DIR}/osdep.h ] && cp ${SRC_DIR}/src/paks/osdep/osdep.h ${INC_DIR}/osdep.h
if ! diff ${INC_DIR}/me.h sqlite-macosx-default-me.h >/dev/null ; then
cp sqlite-macosx-default-me.h ${INC_DIR}/me.h
fi
if [ ../src/sqlite3.h -nt ${OUT_DIR}/inc/sqlite3.h ] ; then
cp ../src/sqlite3.h ${OUT_DIR}/inc/sqlite3.h
fi";
		};
/* End PBXShellScriptBuildPhase section */

/* Begin PBXProject section */
		B55AF456B55B05C000000001 /* Project object */ = {
			isa = PBXProject;
			attributes = {
				LastUpgradeCheck = 0430;
				ORGANIZATIONNAME = "embedthis";
			};
			buildConfigurationList = B55AF456B55B05C000000002 /* Build configuration list for PBXProject "sqlite" */;
			compatibilityVersion = "Xcode 3.2";
			developmentRegion = English;
			hasScannedForEncodings = 0;
			knownRegions = (
				en,
			);
			mainGroup = B55AF456B55B05C000000017;
			productRefGroup = B55AF456B55B05C000000019 /* Products */;
			projectDirPath = "";
			projectRoot = "";
			targets = (
				B55AF456B55B05C000000006 /* All */,
				B55AF456B55B05C000000009 /* Prep */,
				B55AF456B55B05C000000012 /* libsql */,
			);
		};
/* End PBXProject section */

/* Begin PBXSourcesBuildPhase section */
		B55AF456B55B05C00000001A /* libsql Sources */ = {
			isa = PBXSourcesBuildPhase;
			buildActionMask = 2147483647;
			files = (
				B55AF456B55B05C00000000B /* sqlite.c in Sources */,
				B55AF456B55B05C00000000D /* sqlite3.c in Sources */,
			);
			runOnlyForDeploymentPostprocessing = 0;
		};
/* End PBXSourcesBuildPhase section */

/* Begin PBXTargetDependency section */
		B55AF456B55B05C00000001C /* PBXTargetDependency libsql depends on Prep */ = {
			isa = PBXTargetDependency;
			target = B55AF456B55B05C000000009 /* Prep */;
			targetProxy = B55AF456B55B05C00000000F /* PBXContainerItemProxy */;
		};
		B55AF456B55B05C00000001D /* PBXTargetDependency All depends on Prep */ = {
			isa = PBXTargetDependency;
			target = B55AF456B55B05C000000009 /* Prep */;
			targetProxy = B55AF456B55B05C000000010 /* PBXContainerItemProxy */;
		};
		B55AF456B55B05C000000007 /* PBXTargetDependency All depends on libsql */ = {
			isa = PBXTargetDependency;
			target = B55AF456B55B05C000000012 /* libsql */;
			targetProxy = B55AF456B55B05C000000011 /* PBXContainerItemProxy */;
		};
/* End PBXTargetDependency section */

/* Begin XCBuildConfiguration section */
		B55AF456B55B05C000000003 /* Debug */ = {
			isa = XCBuildConfiguration;
			buildSettings = {

                /* Common Settings */
				ALWAYS_SEARCH_USER_PATHS = NO;
				ARCHS = "$(ARCHS_STANDARD_64_ME)";
                CURRENT_PROJECT_VERSION = 1.0.2;
                DYLIB_COMPATIBILITY_VERSION = "$(CURRENT_PROJECT_VERSION)";
                DYLIB_CURRENT_VERSION = "$(CURRENT_PROJECT_VERSION)";
				GCC_C_LANGUAGE_STANDARD = gnu99;
				GCC_VERSION = com.apple.compilers.llvm.clang.1_0;
				GCC_WARN_ABOUT_RETURN_TYPE = YES;
                LD_DYLIB_INSTALL_NAME = "@rpath/$(EXECUTABLE_PATH)";
				MACOSX_DEPLOYMENT_TARGET = 10.7;
				SDKROOT = macosx;

                OUT_DIR = "../macosx-x64-default";
                BIN_DIR = "../macosx-x64-default/bin";
                LIB_DIR = "../macosx-x64-default/bin";
                INC_DIR = "../macosx-x64-default/inc";
                OBJ_DIR = "../macosx-x64-default/obj";
                SRC_DIR = "..";

                CONFIGURATION_TEMP_DIR = "$(OBJ_DIR)/tmp/$(CONFIGURATION)";
                CONFIGURATION_BUILD_DIR = "$(BIN_DIR)";
                INSTALL_PATH = "/usr/lib/sqlite";
                DSTROOT = "/tmp/sqlite.dst";
                OBJROOT = "$(OBJ_DIR)";
                SYMROOT = "$(BIN_DIR)";
				GCC_WARN_64_TO_32_ME_CONVERSION = YES;
				GCC_WARN_64_TO_32_ME_CONVERSION = YES;
				GCC_WARN_UNUSED_VARIABLE = NO;
				GCC_WARN_UNUSED_FUNCTION = NO;
				GCC_WARN_UNUSED_LABEL = NO;
				GCC_WARN_64_TO_32_ME_CONVERSION = YES;
				GCC_WARN_64_TO_32_ME_CONVERSION = YES;
				GCC_WARN_UNUSED_VARIABLE = NO;
				GCC_WARN_UNUSED_FUNCTION = NO;
				GCC_WARN_UNUSED_LABEL = NO;

                /* Debug Settings */
				COPY_PHASE_STRIP = NO;
				GCC_OPTIMIZATION_LEVEL = 0;
				GCC_SYMBOLS_PRIVATE_EXTERN = NO;
				HEADER_SEARCH_PATHS = (
					"../macosx-x64-default/inc",
					"$(inherited)"
				);
				GCC_PREPROCESSOR_DEFINITIONS = (
					"ME_DEBUG",
					"$(inherited)"
				);
				LIBRARY_SEARCH_PATHS = (
					"../macosx-x64-default/bin",
					"$(inherited)"
				);
				OTHER_LDFLAGS = (
					"-Wl,-rpath,@executable_path/",
					"-Wl,-rpath,@loader_path/",
					"-ldl",
					"-lpthread",
					"-lm",
					"$(inherited)"
				);

			};
			name = Debug;
		};
		B55AF456B55B05C000000004 /* Release */ = {
			isa = XCBuildConfiguration;
			buildSettings = {

                /* Common Settings */
				ALWAYS_SEARCH_USER_PATHS = NO;
				ARCHS = "$(ARCHS_STANDARD_64_ME)";
                CURRENT_PROJECT_VERSION = 1.0.2;
                DYLIB_COMPATIBILITY_VERSION = "$(CURRENT_PROJECT_VERSION)";
                DYLIB_CURRENT_VERSION = "$(CURRENT_PROJECT_VERSION)";
				GCC_C_LANGUAGE_STANDARD = gnu99;
				GCC_VERSION = com.apple.compilers.llvm.clang.1_0;
				GCC_WARN_ABOUT_RETURN_TYPE = YES;
                LD_DYLIB_INSTALL_NAME = "@rpath/$(EXECUTABLE_PATH)";
				MACOSX_DEPLOYMENT_TARGET = 10.7;
				SDKROOT = macosx;

                OUT_DIR = "../macosx-x64-default";
                BIN_DIR = "../macosx-x64-default/bin";
                LIB_DIR = "../macosx-x64-default/bin";
                INC_DIR = "../macosx-x64-default/inc";
                OBJ_DIR = "../macosx-x64-default/obj";
                SRC_DIR = "..";

                CONFIGURATION_TEMP_DIR = "$(OBJ_DIR)/tmp/$(CONFIGURATION)";
                CONFIGURATION_BUILD_DIR = "$(BIN_DIR)";
                INSTALL_PATH = "/usr/lib/sqlite";
                DSTROOT = "/tmp/sqlite.dst";
                OBJROOT = "$(OBJ_DIR)";
                SYMROOT = "$(BIN_DIR)";
				GCC_WARN_64_TO_32_ME_CONVERSION = YES;
				GCC_WARN_64_TO_32_ME_CONVERSION = YES;
				GCC_WARN_UNUSED_VARIABLE = NO;
				GCC_WARN_UNUSED_FUNCTION = NO;
				GCC_WARN_UNUSED_LABEL = NO;
				GCC_WARN_64_TO_32_ME_CONVERSION = YES;
				GCC_WARN_64_TO_32_ME_CONVERSION = YES;
				GCC_WARN_UNUSED_VARIABLE = NO;
				GCC_WARN_UNUSED_FUNCTION = NO;
				GCC_WARN_UNUSED_LABEL = NO;

                /* Release Settings */
				COPY_PHASE_STRIP = YES;
				DEBUG_INFORMATION_FORMAT = "dwarf-with-dsym";
				GCC_OPTIMIZATION_LEVEL = s;
                GCC_WARN_UNINITIALIZED_AUTOS = NO;
				HEADER_SEARCH_PATHS = (
					"../macosx-x64-default/inc",
					"$(inherited)"
				);

				LIBRARY_SEARCH_PATHS = (
					"../macosx-x64-default/bin",
					"$(inherited)"
				);
				OTHER_LDFLAGS = (
					"-Wl,-rpath,@executable_path/",
					"-Wl,-rpath,@loader_path/",
					"-ldl",
					"-lpthread",
					"-lm",
					"$(inherited)"
				);

			};
			name = Release;
		};
		B55AF456B55B05C00000001E /* Debug */ = {
			isa = XCBuildConfiguration;
			buildSettings = {
				PRODUCT_NAME = libsql;

				GCC_PREPROCESSOR_DEFINITIONS = (
					"ME_DEBUG",
					"$(inherited)"
				);
			};
			name = Debug;
		};
		B55AF456B55B05C00000001F /* Release */ = {
			isa = XCBuildConfiguration;
			buildSettings = {
				PRODUCT_NAME = libsql;


			};
			name = Release;
		};
		B55AF456B55B05C000000020 /* Debug */ = {
			isa = XCBuildConfiguration;
			buildSettings = {
				PRODUCT_NAME = All;

				GCC_PREPROCESSOR_DEFINITIONS = (
					"ME_DEBUG",
					"$(inherited)"
				);
			};
			name = Debug;
		};
		B55AF456B55B05C000000021 /* Release */ = {
			isa = XCBuildConfiguration;
			buildSettings = {
				PRODUCT_NAME = All;


			};
			name = Release;
		};
		B55AF456B55B05C000000022 /* Debug */ = {
			isa = XCBuildConfiguration;
			buildSettings = {
				PRODUCT_NAME = Prep;

				GCC_PREPROCESSOR_DEFINITIONS = (
					"ME_DEBUG",
					"$(inherited)"
				);
			};
			name = Debug;
		};
		B55AF456B55B05C000000023 /* Release */ = {
			isa = XCBuildConfiguration;
			buildSettings = {
				PRODUCT_NAME = Prep;


			};
			name = Release;
		};
/* End XCBuildConfiguration section */

/* Begin XCConfigurationList section */
		B55AF456B55B05C000000002 /* Build configuration list for PBXProject "sqlite" */ = {
			isa = XCConfigurationList;
			buildConfigurations = (
				B55AF456B55B05C000000003 /* Debug */,
				B55AF456B55B05C000000004 /* Release */,
			);
			defaultConfigurationIsVisible = 0;
			defaultConfigurationName = Release;
		};
		B55AF456B55B05C00000001B /* Build configuration list for PBXNativeTarget "libsql" */ = {
			isa = XCConfigurationList;
			buildConfigurations = (
				B55AF456B55B05C00000001E /* Debug */,
				B55AF456B55B05C00000001F /* Release */,
			);
			defaultConfigurationIsVisible = 0;
			defaultConfigurationName = Release;
		};
		B55AF456B55B05C000000005 /* Build configuration list for PBXNativeTarget "All" */ = {
			isa = XCConfigurationList;
			buildConfigurations = (
				B55AF456B55B05C000000020 /* Debug */,
				B55AF456B55B05C000000021 /* Release */,
			);
			defaultConfigurationIsVisible = 0;
			defaultConfigurationName = Release;
		};
		B55AF456B55B05C000000008 /* Build configuration list for PBXNativeTarget "Prep" */ = {
			isa = XCConfigurationList;
			buildConfigurations = (
				B55AF456B55B05C000000022 /* Debug */,
				B55AF456B55B05C000000023 /* Release */,
			);
			defaultConfigurationIsVisible = 0;
			defaultConfigurationName = Release;
		};
/* End XCConfigurationList section */
	};
	rootObject = B55AF456B55B05C000000001 /* Project object */;
}
